// !$*UTF8*$!
{
	archiveVersion = 1;
	classes = {
	};
	objectVersion = 46;
	objects = {

/* Begin PBXBuildFile section */
		DFD5A0E719F69AD800150C64 /* swfit-sdk.h in Headers */ = {isa = PBXBuildFile; fileRef = DFD5A0E619F69AD800150C64 /* swfit-sdk.h */; settings = {ATTRIBUTES = (Public, ); }; };
		DFD5A0ED19F69AD800150C64 /* swfit-sdk.framework in Frameworks */ = {isa = PBXBuildFile; fileRef = DFD5A0E119F69AD800150C64 /* swfit-sdk.framework */; };
		DFD5A0F419F69AD800150C64 /* QiniuTests.swift in Sources */ = {isa = PBXBuildFile; fileRef = DFD5A0F319F69AD800150C64 /* QiniuTests.swift */; };
		DFD5A0FE19F69C3900150C64 /* Alamofire.swift in Sources */ = {isa = PBXBuildFile; fileRef = DFD5A0FD19F69C3900150C64 /* Alamofire.swift */; };
		DFD5A10019F69C5500150C64 /* Qiniu.swift in Sources */ = {isa = PBXBuildFile; fileRef = DFD5A0FF19F69C5500150C64 /* Qiniu.swift */; };
/* End PBXBuildFile section */

/* Begin PBXContainerItemProxy section */
		DFD5A0EE19F69AD800150C64 /* PBXContainerItemProxy */ = {
			isa = PBXContainerItemProxy;
			containerPortal = DFD5A0D819F69AD800150C64 /* Project object */;
			proxyType = 1;
			remoteGlobalIDString = DFD5A0E019F69AD800150C64;
			remoteInfo = "swfit-sdk";
		};
/* End PBXContainerItemProxy section */

/* Begin PBXFileReference section */
		DFD5A0E119F69AD800150C64 /* swfit-sdk.framework */ = {isa = PBXFileReference; explicitFileType = wrapper.framework; includeInIndex = 0; path = "swfit-sdk.framework"; sourceTree = BUILT_PRODUCTS_DIR; };
		DFD5A0E519F69AD800150C64 /* Info.plist */ = {isa = PBXFileReference; lastKnownFileType = text.plist.xml; path = Info.plist; sourceTree = "<group>"; };
		DFD5A0E619F69AD800150C64 /* swfit-sdk.h */ = {isa = PBXFileReference; lastKnownFileType = sourcecode.c.h; path = "swfit-sdk.h"; sourceTree = "<group>"; };
		DFD5A0EC19F69AD800150C64 /* swfit-sdkTests.xctest */ = {isa = PBXFileReference; explicitFileType = wrapper.cfbundle; includeInIndex = 0; path = "swfit-sdkTests.xctest"; sourceTree = BUILT_PRODUCTS_DIR; };
		DFD5A0F219F69AD800150C64 /* Info.plist */ = {isa = PBXFileReference; lastKnownFileType = text.plist.xml; path = Info.plist; sourceTree = "<group>"; };
		DFD5A0F319F69AD800150C64 /* QiniuTests.swift */ = {isa = PBXFileReference; lastKnownFileType = sourcecode.swift; path = QiniuTests.swift; sourceTree = "<group>"; };
		DFD5A0FD19F69C3900150C64 /* Alamofire.swift */ = {isa = PBXFileReference; fileEncoding = 4; lastKnownFileType = sourcecode.swift; path = Alamofire.swift; sourceTree = "<group>"; };
		DFD5A0FF19F69C5500150C64 /* Qiniu.swift */ = {isa = PBXFileReference; fileEncoding = 4; lastKnownFileType = sourcecode.swift; path = Qiniu.swift; sourceTree = "<group>"; };
/* End PBXFileReference section */

/* Begin PBXFrameworksBuildPhase section */
		DFD5A0DD19F69AD800150C64 /* Frameworks */ = {
			isa = PBXFrameworksBuildPhase;
			buildActionMask = 2147483647;
			files = (
			);
			runOnlyForDeploymentPostprocessing = 0;
		};
		DFD5A0E919F69AD800150C64 /* Frameworks */ = {
			isa = PBXFrameworksBuildPhase;
			buildActionMask = 2147483647;
			files = (
				DFD5A0ED19F69AD800150C64 /* swfit-sdk.framework in Frameworks */,
			);
			runOnlyForDeploymentPostprocessing = 0;
		};
/* End PBXFrameworksBuildPhase section */

/* Begin PBXGroup section */
		DFD5A0D719F69AD800150C64 = {
			isa = PBXGroup;
			children = (
				DFD5A0E319F69AD800150C64 /* source */,
				DFD5A0F019F69AD800150C64 /* tests */,
				DFD5A0E219F69AD800150C64 /* Products */,
			);
			sourceTree = "<group>";
		};
		DFD5A0E219F69AD800150C64 /* Products */ = {
			isa = PBXGroup;
			children = (
				DFD5A0E119F69AD800150C64 /* swfit-sdk.framework */,
				DFD5A0EC19F69AD800150C64 /* swfit-sdkTests.xctest */,
			);
			name = Products;
			sourceTree = "<group>";
		};
		DFD5A0E319F69AD800150C64 /* source */ = {
			isa = PBXGroup;
			children = (
				DFD5A0FD19F69C3900150C64 /* Alamofire.swift */,
				DFD5A0FF19F69C5500150C64 /* Qiniu.swift */,
				DFD5A0E619F69AD800150C64 /* swfit-sdk.h */,
				DFD5A0E419F69AD800150C64 /* Supporting Files */,
			);
			name = source;
			path = "swfit-sdk";
			sourceTree = "<group>";
		};
		DFD5A0E419F69AD800150C64 /* Supporting Files */ = {
			isa = PBXGroup;
			children = (
				DFD5A0E519F69AD800150C64 /* Info.plist */,
			);
			name = "Supporting Files";
			sourceTree = "<group>";
		};
		DFD5A0F019F69AD800150C64 /* tests */ = {
			isa = PBXGroup;
			children = (
				DFD5A0F319F69AD800150C64 /* QiniuTests.swift */,
				DFD5A0F119F69AD800150C64 /* Supporting Files */,
			);
			name = tests;
			path = "swfit-sdkTests";
			sourceTree = "<group>";
		};
		DFD5A0F119F69AD800150C64 /* Supporting Files */ = {
			isa = PBXGroup;
			children = (
				DFD5A0F219F69AD800150C64 /* Info.plist */,
			);
			name = "Supporting Files";
			sourceTree = "<group>";
		};
/* End PBXGroup section */

/* Begin PBXHeadersBuildPhase section */
		DFD5A0DE19F69AD800150C64 /* Headers */ = {
			isa = PBXHeadersBuildPhase;
			buildActionMask = 2147483647;
			files = (
				DFD5A0E719F69AD800150C64 /* swfit-sdk.h in Headers */,
			);
			runOnlyForDeploymentPostprocessing = 0;
		};
/* End PBXHeadersBuildPhase section */

/* Begin PBXNativeTarget section */
		DFD5A0E019F69AD800150C64 /* swfit-sdk */ = {
			isa = PBXNativeTarget;
			buildConfigurationList = DFD5A0F719F69AD800150C64 /* Build configuration list for PBXNativeTarget "swfit-sdk" */;
			buildPhases = (
				DFD5A0DC19F69AD800150C64 /* Sources */,
				DFD5A0DD19F69AD800150C64 /* Frameworks */,
				DFD5A0DE19F69AD800150C64 /* Headers */,
				DFD5A0DF19F69AD800150C64 /* Resources */,
			);
			buildRules = (
			);
			dependencies = (
			);
			name = "swfit-sdk";
			productName = "swfit-sdk";
			productReference = DFD5A0E119F69AD800150C64 /* swfit-sdk.framework */;
			productType = "com.apple.product-type.framework";
		};
		DFD5A0EB19F69AD800150C64 /* swfit-sdkTests */ = {
			isa = PBXNativeTarget;
			buildConfigurationList = DFD5A0FA19F69AD800150C64 /* Build configuration list for PBXNativeTarget "swfit-sdkTests" */;
			buildPhases = (
				DFD5A0E819F69AD800150C64 /* Sources */,
				DFD5A0E919F69AD800150C64 /* Frameworks */,
				DFD5A0EA19F69AD800150C64 /* Resources */,
			);
			buildRules = (
			);
			dependencies = (
				DFD5A0EF19F69AD800150C64 /* PBXTargetDependency */,
			);
			name = "swfit-sdkTests";
			productName = "swfit-sdkTests";
			productReference = DFD5A0EC19F69AD800150C64 /* swfit-sdkTests.xctest */;
			productType = "com.apple.product-type.bundle.unit-test";
		};
/* End PBXNativeTarget section */

/* Begin PBXProject section */
		DFD5A0D819F69AD800150C64 /* Project object */ = {
			isa = PBXProject;
			attributes = {
				LastUpgradeCheck = 0610;
				ORGANIZATIONNAME = "Qiniu Cloud Storage";
				TargetAttributes = {
					DFD5A0E019F69AD800150C64 = {
						CreatedOnToolsVersion = 6.1;
					};
					DFD5A0EB19F69AD800150C64 = {
						CreatedOnToolsVersion = 6.1;
					};
				};
			};
			buildConfigurationList = DFD5A0DB19F69AD800150C64 /* Build configuration list for PBXProject "swfit-sdk" */;
			compatibilityVersion = "Xcode 3.2";
			developmentRegion = English;
			hasScannedForEncodings = 0;
			knownRegions = (
				en,
			);
			mainGroup = DFD5A0D719F69AD800150C64;
			productRefGroup = DFD5A0E219F69AD800150C64 /* Products */;
			projectDirPath = "";
			projectRoot = "";
			targets = (
				DFD5A0E019F69AD800150C64 /* swfit-sdk */,
				DFD5A0EB19F69AD800150C64 /* swfit-sdkTests */,
			);
		};
/* End PBXProject section */

/* Begin PBXResourcesBuildPhase section */
		DFD5A0DF19F69AD800150C64 /* Resources */ = {
			isa = PBXResourcesBuildPhase;
			buildActionMask = 2147483647;
			files = (
			);
			runOnlyForDeploymentPostprocessing = 0;
		};
		DFD5A0EA19F69AD800150C64 /* Resources */ = {
			isa = PBXResourcesBuildPhase;
			buildActionMask = 2147483647;
			files = (
			);
			runOnlyForDeploymentPostprocessing = 0;
		};
/* End PBXResourcesBuildPhase section */

/* Begin PBXSourcesBuildPhase section */
		DFD5A0DC19F69AD800150C64 /* Sources */ = {
			isa = PBXSourcesBuildPhase;
			buildActionMask = 2147483647;
			files = (
				DFD5A10019F69C5500150C64 /* Qiniu.swift in Sources */,
				DFD5A0FE19F69C3900150C64 /* Alamofire.swift in Sources */,
			);
			runOnlyForDeploymentPostprocessing = 0;
		};
		DFD5A0E819F69AD800150C64 /* Sources */ = {
			isa = PBXSourcesBuildPhase;
			buildActionMask = 2147483647;
			files = (
				DFD5A0F419F69AD800150C64 /* QiniuTests.swift in Sources */,
			);
			runOnlyForDeploymentPostprocessing = 0;
		};
/* End PBXSourcesBuildPhase section */

/* Begin PBXTargetDependency section */
		DFD5A0EF19F69AD800150C64 /* PBXTargetDependency */ = {
			isa = PBXTargetDependency;
			target = DFD5A0E019F69AD800150C64 /* swfit-sdk */;
			targetProxy = DFD5A0EE19F69AD800150C64 /* PBXContainerItemProxy */;
		};
/* End PBXTargetDependency section */

/* Begin XCBuildConfiguration section */
		DFD5A0F519F69AD800150C64 /* Debug */ = {
			isa = XCBuildConfiguration;
			buildSettings = {
				ALWAYS_SEARCH_USER_PATHS = NO;
				CLANG_CXX_LANGUAGE_STANDARD = "gnu++0x";
				CLANG_CXX_LIBRARY = "libc++";
				CLANG_ENABLE_MODULES = YES;
				CLANG_ENABLE_OBJC_ARC = YES;
				CLANG_WARN_BOOL_CONVERSION = YES;
				CLANG_WARN_CONSTANT_CONVERSION = YES;
				CLANG_WARN_DIRECT_OBJC_ISA_USAGE = YES_ERROR;
				CLANG_WARN_EMPTY_BODY = YES;
				CLANG_WARN_ENUM_CONVERSION = YES;
				CLANG_WARN_INT_CONVERSION = YES;
				CLANG_WARN_OBJC_ROOT_CLASS = YES_ERROR;
				CLANG_WARN_UNREACHABLE_CODE = YES;
				CLANG_WARN__DUPLICATE_METHOD_MATCH = YES;
				COPY_PHASE_STRIP = NO;
				CURRENT_PROJECT_VERSION = 1;
				ENABLE_STRICT_OBJC_MSGSEND = YES;
				GCC_C_LANGUAGE_STANDARD = gnu99;
				GCC_DYNAMIC_NO_PIC = NO;
				GCC_OPTIMIZATION_LEVEL = 0;
				GCC_PREPROCESSOR_DEFINITIONS = (
					"DEBUG=1",
					"$(inherited)",
				);
				GCC_SYMBOLS_PRIVATE_EXTERN = NO;
				GCC_WARN_64_TO_32_BIT_CONVERSION = YES;
				GCC_WARN_ABOUT_RETURN_TYPE = YES_ERROR;
				GCC_WARN_UNDECLARED_SELECTOR = YES;
				GCC_WARN_UNINITIALIZED_AUTOS = YES_AGGRESSIVE;
				GCC_WARN_UNUSED_FUNCTION = YES;
				GCC_WARN_UNUSED_VARIABLE = YES;
				MACOSX_DEPLOYMENT_TARGET = 10.10;
				MTL_ENABLE_DEBUG_INFO = YES;
				ONLY_ACTIVE_ARCH = YES;
				SDKROOT = macosx;
				SWIFT_OPTIMIZATION_LEVEL = "-Onone";
				VERSIONING_SYSTEM = "apple-generic";
				VERSION_INFO_PREFIX = "";
			};
			name = Debug;
		};
		DFD5A0F619F69AD800150C64 /* Release */ = {
			isa = XCBuildConfiguration;
			buildSettings = {
				ALWAYS_SEARCH_USER_PATHS = NO;
				CLANG_CXX_LANGUAGE_STANDARD = "gnu++0x";
				CLANG_CXX_LIBRARY = "libc++";
				CLANG_ENABLE_MODULES = YES;
				CLANG_ENABLE_OBJC_ARC = YES;
				CLANG_WARN_BOOL_CONVERSION = YES;
				CLANG_WARN_CONSTANT_CONVERSION = YES;
				CLANG_WARN_DIRECT_OBJC_ISA_USAGE = YES_ERROR;
				CLANG_WARN_EMPTY_BODY = YES;
				CLANG_WARN_ENUM_CONVERSION = YES;
				CLANG_WARN_INT_CONVERSION = YES;
				CLANG_WARN_OBJC_ROOT_CLASS = YES_ERROR;
				CLANG_WARN_UNREACHABLE_CODE = YES;
				CLANG_WARN__DUPLICATE_METHOD_MATCH = YES;
				COPY_PHASE_STRIP = YES;
				CURRENT_PROJECT_VERSION = 1;
				DEBUG_INFORMATION_FORMAT = "dwarf-with-dsym";
				ENABLE_NS_ASSERTIONS = NO;
				ENABLE_STRICT_OBJC_MSGSEND = YES;
				GCC_C_LANGUAGE_STANDARD = gnu99;
				GCC_WARN_64_TO_32_BIT_CONVERSION = YES;
				GCC_WARN_ABOUT_RETURN_TYPE = YES_ERROR;
				GCC_WARN_UNDECLARED_SELECTOR = YES;
				GCC_WARN_UNINITIALIZED_AUTOS = YES_AGGRESSIVE;
				GCC_WARN_UNUSED_FUNCTION = YES;
				GCC_WARN_UNUSED_VARIABLE = YES;
				MACOSX_DEPLOYMENT_TARGET = 10.10;
				MTL_ENABLE_DEBUG_INFO = NO;
				SDKROOT = macosx;
				VERSIONING_SYSTEM = "apple-generic";
				VERSION_INFO_PREFIX = "";
			};
			name = Release;
		};
		DFD5A0F819F69AD800150C64 /* Debug */ = {
			isa = XCBuildConfiguration;
			buildSettings = {
				COMBINE_HIDPI_IMAGES = YES;
				DEFINES_MODULE = YES;
				DYLIB_COMPATIBILITY_VERSION = 1;
				DYLIB_CURRENT_VERSION = 1;
				DYLIB_INSTALL_NAME_BASE = "@rpath";
				FRAMEWORK_VERSION = A;
				INFOPLIST_FILE = "swfit-sdk/Info.plist";
				INSTALL_PATH = "$(LOCAL_LIBRARY_DIR)/Frameworks";
				LD_RUNPATH_SEARCH_PATHS = "$(inherited) @executable_path/../Frameworks @loader_path/Frameworks";
				PRODUCT_NAME = "$(TARGET_NAME)";
				SKIP_INSTALL = YES;
			};
			name = Debug;
		};
		DFD5A0F919F69AD800150C64 /* Release */ = {
			isa = XCBuildConfiguration;
			buildSettings = {
				COMBINE_HIDPI_IMAGES = YES;
				DEFINES_MODULE = YES;
				DYLIB_COMPATIBILITY_VERSION = 1;
				DYLIB_CURRENT_VERSION = 1;
				DYLIB_INSTALL_NAME_BASE = "@rpath";
				FRAMEWORK_VERSION = A;
				INFOPLIST_FILE = "swfit-sdk/Info.plist";
				INSTALL_PATH = "$(LOCAL_LIBRARY_DIR)/Frameworks";
				LD_RUNPATH_SEARCH_PATHS = "$(inherited) @executable_path/../Frameworks @loader_path/Frameworks";
				PRODUCT_NAME = "$(TARGET_NAME)";
				SKIP_INSTALL = YES;
			};
			name = Release;
		};
		DFD5A0FB19F69AD800150C64 /* Debug */ = {
			isa = XCBuildConfiguration;
			buildSettings = {
				COMBINE_HIDPI_IMAGES = YES;
				FRAMEWORK_SEARCH_PATHS = (
					"$(DEVELOPER_FRAMEWORKS_DIR)",
					"$(inherited)",
				);
				GCC_PREPROCESSOR_DEFINITIONS = (
					"DEBUG=1",
					"$(inherited)",
				);
				INFOPLIST_FILE = "swfit-sdkTests/Info.plist";
				LD_RUNPATH_SEARCH_PATHS = "$(inherited) @executable_path/../Frameworks @loader_path/../Frameworks";
				PRODUCT_NAME = "$(TARGET_NAME)";
			};
			name = Debug;
		};
		DFD5A0FC19F69AD800150C64 /* Release */ = {
			isa = XCBuildConfiguration;
			buildSettings = {
				COMBINE_HIDPI_IMAGES = YES;
				FRAMEWORK_SEARCH_PATHS = (
					"$(DEVELOPER_FRAMEWORKS_DIR)",
					"$(inherited)",
				);
				INFOPLIST_FILE = "swfit-sdkTests/Info.plist";
				LD_RUNPATH_SEARCH_PATHS = "$(inherited) @executable_path/../Frameworks @loader_path/../Frameworks";
				PRODUCT_NAME = "$(TARGET_NAME)";
			};
			name = Release;
		};
/* End XCBuildConfiguration section */

/* Begin XCConfigurationList section */
		DFD5A0DB19F69AD800150C64 /* Build configuration list for PBXProject "swfit-sdk" */ = {
			isa = XCConfigurationList;
			buildConfigurations = (
				DFD5A0F519F69AD800150C64 /* Debug */,
				DFD5A0F619F69AD800150C64 /* Release */,
			);
			defaultConfigurationIsVisible = 0;
			defaultConfigurationName = Release;
		};
		DFD5A0F719F69AD800150C64 /* Build configuration list for PBXNativeTarget "swfit-sdk" */ = {
			isa = XCConfigurationList;
			buildConfigurations = (
				DFD5A0F819F69AD800150C64 /* Debug */,
				DFD5A0F919F69AD800150C64 /* Release */,
			);
			defaultConfigurationIsVisible = 0;
			defaultConfigurationName = Release;
		};
		DFD5A0FA19F69AD800150C64 /* Build configuration list for PBXNativeTarget "swfit-sdkTests" */ = {
			isa = XCConfigurationList;
			buildConfigurations = (
				DFD5A0FB19F69AD800150C64 /* Debug */,
				DFD5A0FC19F69AD800150C64 /* Release */,
			);
			defaultConfigurationIsVisible = 0;
			defaultConfigurationName = Release;
		};
/* End XCConfigurationList section */
	};
	rootObject = DFD5A0D819F69AD800150C64 /* Project object */;
}
