// !$*UTF8*$!
{
	archiveVersion = 1;
	classes = {
	};
	objectVersion = 46;
	objects = {

/* Begin PBXBuildFile section */
		DFD5A13919F6A00900150C64 /* libSwiftSDK.a in Frameworks */ = {isa = PBXBuildFile; fileRef = DFD5A12D19F6A00900150C64 /* libSwiftSDK.a */; };
		DFD5A14A19F6A22100150C64 /* Alamofire.swift in Sources */ = {isa = PBXBuildFile; fileRef = DFD5A14919F6A22100150C64 /* Alamofire.swift */; };
		DFD5A14E19F6A25500150C64 /* Qiniu.swift in Sources */ = {isa = PBXBuildFile; fileRef = DFD5A14D19F6A25500150C64 /* Qiniu.swift */; };
/* End PBXBuildFile section */

/* Begin PBXContainerItemProxy section */
		DFD5A13A19F6A00900150C64 /* PBXContainerItemProxy */ = {
			isa = PBXContainerItemProxy;
			containerPortal = DFD5A12519F6A00900150C64 /* Project object */;
			proxyType = 1;
			remoteGlobalIDString = DFD5A12C19F6A00900150C64;
			remoteInfo = SwiftSDK;
		};
/* End PBXContainerItemProxy section */

/* Begin PBXFileReference section */
		DFD5A12D19F6A00900150C64 /* libSwiftSDK.a */ = {isa = PBXFileReference; explicitFileType = archive.ar; includeInIndex = 0; path = libSwiftSDK.a; sourceTree = BUILT_PRODUCTS_DIR; };
		DFD5A13819F6A00900150C64 /* SwiftSDKTests.xctest */ = {isa = PBXFileReference; explicitFileType = wrapper.cfbundle; includeInIndex = 0; path = SwiftSDKTests.xctest; sourceTree = BUILT_PRODUCTS_DIR; };
		DFD5A14919F6A22100150C64 /* Alamofire.swift */ = {isa = PBXFileReference; fileEncoding = 4; lastKnownFileType = sourcecode.swift; name = Alamofire.swift; path = Source/Alamofire.swift; sourceTree = SOURCE_ROOT; };
		DFD5A14D19F6A25500150C64 /* Qiniu.swift */ = {isa = PBXFileReference; fileEncoding = 4; lastKnownFileType = sourcecode.swift; path = Qiniu.swift; sourceTree = "<group>"; };
/* End PBXFileReference section */

/* Begin PBXFrameworksBuildPhase section */
		DFD5A12A19F6A00900150C64 /* Frameworks */ = {
			isa = PBXFrameworksBuildPhase;
			buildActionMask = 2147483647;
			files = (
			);
			runOnlyForDeploymentPostprocessing = 0;
		};
		DFD5A13519F6A00900150C64 /* Frameworks */ = {
			isa = PBXFrameworksBuildPhase;
			buildActionMask = 2147483647;
			files = (
				DFD5A13919F6A00900150C64 /* libSwiftSDK.a in Frameworks */,
			);
			runOnlyForDeploymentPostprocessing = 0;
		};
/* End PBXFrameworksBuildPhase section */

/* Begin PBXGroup section */
		DFD5A12419F6A00900150C64 = {
			isa = PBXGroup;
			children = (
				DFD5A12F19F6A00900150C64 /* Source */,
				DFD5A13C19F6A00900150C64 /* Tests */,
				DFD5A12E19F6A00900150C64 /* Products */,
			);
			sourceTree = "<group>";
		};
		DFD5A12E19F6A00900150C64 /* Products */ = {
			isa = PBXGroup;
			children = (
				DFD5A12D19F6A00900150C64 /* libSwiftSDK.a */,
				DFD5A13819F6A00900150C64 /* SwiftSDKTests.xctest */,
			);
			name = Products;
			sourceTree = "<group>";
		};
		DFD5A12F19F6A00900150C64 /* Source */ = {
			isa = PBXGroup;
			children = (
				DFD5A14919F6A22100150C64 /* Alamofire.swift */,
				DFD5A14D19F6A25500150C64 /* Qiniu.swift */,
			);
			name = Source;
			path = SwiftSDK;
			sourceTree = "<group>";
		};
		DFD5A13C19F6A00900150C64 /* Tests */ = {
			isa = PBXGroup;
			children = (
				DFD5A13D19F6A00900150C64 /* Supporting Files */,
			);
			name = Tests;
			path = SwiftSDKTests;
			sourceTree = "<group>";
		};
		DFD5A13D19F6A00900150C64 /* Supporting Files */ = {
			isa = PBXGroup;
			children = (
			);
			name = "Supporting Files";
			sourceTree = "<group>";
		};
/* End PBXGroup section */

/* Begin PBXHeadersBuildPhase section */
		DFD5A12B19F6A00900150C64 /* Headers */ = {
			isa = PBXHeadersBuildPhase;
			buildActionMask = 2147483647;
			files = (
			);
			runOnlyForDeploymentPostprocessing = 0;
		};
/* End PBXHeadersBuildPhase section */

/* Begin PBXNativeTarget section */
		DFD5A12C19F6A00900150C64 /* SwiftSDK */ = {
			isa = PBXNativeTarget;
			buildConfigurationList = DFD5A14119F6A00900150C64 /* Build configuration list for PBXNativeTarget "SwiftSDK" */;
			buildPhases = (
				DFD5A12919F6A00900150C64 /* Sources */,
				DFD5A12A19F6A00900150C64 /* Frameworks */,
				DFD5A12B19F6A00900150C64 /* Headers */,
			);
			buildRules = (
			);
			dependencies = (
			);
			name = SwiftSDK;
			productName = SwiftSDK;
			productReference = DFD5A12D19F6A00900150C64 /* libSwiftSDK.a */;
			productType = "com.apple.product-type.library.static";
		};
		DFD5A13719F6A00900150C64 /* SwiftSDKTests */ = {
			isa = PBXNativeTarget;
			buildConfigurationList = DFD5A14419F6A00900150C64 /* Build configuration list for PBXNativeTarget "SwiftSDKTests" */;
			buildPhases = (
				DFD5A13419F6A00900150C64 /* Sources */,
				DFD5A13519F6A00900150C64 /* Frameworks */,
				DFD5A13619F6A00900150C64 /* Resources */,
			);
			buildRules = (
			);
			dependencies = (
				DFD5A13B19F6A00900150C64 /* PBXTargetDependency */,
			);
			name = SwiftSDKTests;
			productName = SwiftSDKTests;
			productReference = DFD5A13819F6A00900150C64 /* SwiftSDKTests.xctest */;
			productType = "com.apple.product-type.bundle.unit-test";
		};
/* End PBXNativeTarget section */

/* Begin PBXProject section */
		DFD5A12519F6A00900150C64 /* Project object */ = {
			isa = PBXProject;
			attributes = {
				LastUpgradeCheck = 0610;
				ORGANIZATIONNAME = "Qiniu Cloud Storage";
				TargetAttributes = {
					DFD5A12C19F6A00900150C64 = {
						CreatedOnToolsVersion = 6.1;
					};
					DFD5A13719F6A00900150C64 = {
						CreatedOnToolsVersion = 6.1;
					};
				};
			};
			buildConfigurationList = DFD5A12819F6A00900150C64 /* Build configuration list for PBXProject "SwiftSDK" */;
			compatibilityVersion = "Xcode 3.2";
			developmentRegion = English;
			hasScannedForEncodings = 0;
			knownRegions = (
				en,
			);
			mainGroup = DFD5A12419F6A00900150C64;
			productRefGroup = DFD5A12E19F6A00900150C64 /* Products */;
			projectDirPath = "";
			projectRoot = "";
			targets = (
				DFD5A12C19F6A00900150C64 /* SwiftSDK */,
				DFD5A13719F6A00900150C64 /* SwiftSDKTests */,
			);
		};
/* End PBXProject section */

/* Begin PBXResourcesBuildPhase section */
		DFD5A13619F6A00900150C64 /* Resources */ = {
			isa = PBXResourcesBuildPhase;
			buildActionMask = 2147483647;
			files = (
			);
			runOnlyForDeploymentPostprocessing = 0;
		};
/* End PBXResourcesBuildPhase section */

/* Begin PBXSourcesBuildPhase section */
		DFD5A12919F6A00900150C64 /* Sources */ = {
			isa = PBXSourcesBuildPhase;
			buildActionMask = 2147483647;
			files = (
				DFD5A14E19F6A25500150C64 /* Qiniu.swift in Sources */,
				DFD5A14A19F6A22100150C64 /* Alamofire.swift in Sources */,
			);
			runOnlyForDeploymentPostprocessing = 0;
		};
		DFD5A13419F6A00900150C64 /* Sources */ = {
			isa = PBXSourcesBuildPhase;
			buildActionMask = 2147483647;
			files = (
			);
			runOnlyForDeploymentPostprocessing = 0;
		};
/* End PBXSourcesBuildPhase section */

/* Begin PBXTargetDependency section */
		DFD5A13B19F6A00900150C64 /* PBXTargetDependency */ = {
			isa = PBXTargetDependency;
			target = DFD5A12C19F6A00900150C64 /* SwiftSDK */;
			targetProxy = DFD5A13A19F6A00900150C64 /* PBXContainerItemProxy */;
		};
/* End PBXTargetDependency section */

/* Begin XCBuildConfiguration section */
		DFD5A13F19F6A00900150C64 /* Debug */ = {
			isa = XCBuildConfiguration;
			buildSettings = {
				ALWAYS_SEARCH_USER_PATHS = NO;
				CLANG_CXX_LANGUAGE_STANDARD = "gnu++0x";
				CLANG_CXX_LIBRARY = "libc++";
				CLANG_ENABLE_MODULES = YES;
				CLANG_ENABLE_OBJC_ARC = YES;
				CLANG_WARN_BOOL_CONVERSION = YES;
				CLANG_WARN_CONSTANT_CONVERSION = YES;
				CLANG_WARN_DIRECT_OBJC_ISA_USAGE = YES_ERROR;
				CLANG_WARN_EMPTY_BODY = YES;
				CLANG_WARN_ENUM_CONVERSION = YES;
				CLANG_WARN_INT_CONVERSION = YES;
				CLANG_WARN_OBJC_ROOT_CLASS = YES_ERROR;
				CLANG_WARN_UNREACHABLE_CODE = YES;
				CLANG_WARN__DUPLICATE_METHOD_MATCH = YES;
				COPY_PHASE_STRIP = NO;
				ENABLE_STRICT_OBJC_MSGSEND = YES;
				GCC_C_LANGUAGE_STANDARD = gnu99;
				GCC_DYNAMIC_NO_PIC = NO;
				GCC_OPTIMIZATION_LEVEL = 0;
				GCC_PREPROCESSOR_DEFINITIONS = (
					"DEBUG=1",
					"$(inherited)",
				);
				GCC_SYMBOLS_PRIVATE_EXTERN = NO;
				GCC_WARN_64_TO_32_BIT_CONVERSION = YES;
				GCC_WARN_ABOUT_RETURN_TYPE = YES_ERROR;
				GCC_WARN_UNDECLARED_SELECTOR = YES;
				GCC_WARN_UNINITIALIZED_AUTOS = YES_AGGRESSIVE;
				GCC_WARN_UNUSED_FUNCTION = YES;
				GCC_WARN_UNUSED_VARIABLE = YES;
				MACOSX_DEPLOYMENT_TARGET = 10.10;
				MTL_ENABLE_DEBUG_INFO = YES;
				ONLY_ACTIVE_ARCH = YES;
				SDKROOT = macosx;
			};
			name = Debug;
		};
		DFD5A14019F6A00900150C64 /* Release */ = {
			isa = XCBuildConfiguration;
			buildSettings = {
				ALWAYS_SEARCH_USER_PATHS = NO;
				CLANG_CXX_LANGUAGE_STANDARD = "gnu++0x";
				CLANG_CXX_LIBRARY = "libc++";
				CLANG_ENABLE_MODULES = YES;
				CLANG_ENABLE_OBJC_ARC = YES;
				CLANG_WARN_BOOL_CONVERSION = YES;
				CLANG_WARN_CONSTANT_CONVERSION = YES;
				CLANG_WARN_DIRECT_OBJC_ISA_USAGE = YES_ERROR;
				CLANG_WARN_EMPTY_BODY = YES;
				CLANG_WARN_ENUM_CONVERSION = YES;
				CLANG_WARN_INT_CONVERSION = YES;
				CLANG_WARN_OBJC_ROOT_CLASS = YES_ERROR;
				CLANG_WARN_UNREACHABLE_CODE = YES;
				CLANG_WARN__DUPLICATE_METHOD_MATCH = YES;
				COPY_PHASE_STRIP = YES;
				DEBUG_INFORMATION_FORMAT = "dwarf-with-dsym";
				ENABLE_NS_ASSERTIONS = NO;
				ENABLE_STRICT_OBJC_MSGSEND = YES;
				GCC_C_LANGUAGE_STANDARD = gnu99;
				GCC_WARN_64_TO_32_BIT_CONVERSION = YES;
				GCC_WARN_ABOUT_RETURN_TYPE = YES_ERROR;
				GCC_WARN_UNDECLARED_SELECTOR = YES;
				GCC_WARN_UNINITIALIZED_AUTOS = YES_AGGRESSIVE;
				GCC_WARN_UNUSED_FUNCTION = YES;
				GCC_WARN_UNUSED_VARIABLE = YES;
				MACOSX_DEPLOYMENT_TARGET = 10.10;
				MTL_ENABLE_DEBUG_INFO = NO;
				SDKROOT = macosx;
			};
			name = Release;
		};
		DFD5A14219F6A00900150C64 /* Debug */ = {
			isa = XCBuildConfiguration;
			buildSettings = {
				EXECUTABLE_PREFIX = lib;
				PRODUCT_NAME = "$(TARGET_NAME)";
			};
			name = Debug;
		};
		DFD5A14319F6A00900150C64 /* Release */ = {
			isa = XCBuildConfiguration;
			buildSettings = {
				EXECUTABLE_PREFIX = lib;
				PRODUCT_NAME = "$(TARGET_NAME)";
			};
			name = Release;
		};
		DFD5A14519F6A00900150C64 /* Debug */ = {
			isa = XCBuildConfiguration;
			buildSettings = {
				COMBINE_HIDPI_IMAGES = YES;
				FRAMEWORK_SEARCH_PATHS = (
					"$(DEVELOPER_FRAMEWORKS_DIR)",
					"$(inherited)",
				);
				GCC_PREPROCESSOR_DEFINITIONS = (
					"DEBUG=1",
					"$(inherited)",
				);
				INFOPLIST_FILE = Source/Info.plist;
				LD_RUNPATH_SEARCH_PATHS = "$(inherited) @executable_path/../Frameworks @loader_path/../Frameworks";
				PRODUCT_NAME = "$(TARGET_NAME)";
			};
			name = Debug;
		};
		DFD5A14619F6A00900150C64 /* Release */ = {
			isa = XCBuildConfiguration;
			buildSettings = {
				COMBINE_HIDPI_IMAGES = YES;
				FRAMEWORK_SEARCH_PATHS = (
					"$(DEVELOPER_FRAMEWORKS_DIR)",
					"$(inherited)",
				);
				INFOPLIST_FILE = Source/Info.plist;
				LD_RUNPATH_SEARCH_PATHS = "$(inherited) @executable_path/../Frameworks @loader_path/../Frameworks";
				PRODUCT_NAME = "$(TARGET_NAME)";
			};
			name = Release;
		};
/* End XCBuildConfiguration section */

/* Begin XCConfigurationList section */
		DFD5A12819F6A00900150C64 /* Build configuration list for PBXProject "SwiftSDK" */ = {
			isa = XCConfigurationList;
			buildConfigurations = (
				DFD5A13F19F6A00900150C64 /* Debug */,
				DFD5A14019F6A00900150C64 /* Release */,
			);
			defaultConfigurationIsVisible = 0;
			defaultConfigurationName = Release;
		};
		DFD5A14119F6A00900150C64 /* Build configuration list for PBXNativeTarget "SwiftSDK" */ = {
			isa = XCConfigurationList;
			buildConfigurations = (
				DFD5A14219F6A00900150C64 /* Debug */,
				DFD5A14319F6A00900150C64 /* Release */,
			);
			defaultConfigurationIsVisible = 0;
			defaultConfigurationName = Release;
		};
		DFD5A14419F6A00900150C64 /* Build configuration list for PBXNativeTarget "SwiftSDKTests" */ = {
			isa = XCConfigurationList;
			buildConfigurations = (
				DFD5A14519F6A00900150C64 /* Debug */,
				DFD5A14619F6A00900150C64 /* Release */,
			);
			defaultConfigurationIsVisible = 0;
			defaultConfigurationName = Release;
		};
/* End XCConfigurationList section */
	};
	rootObject = DFD5A12519F6A00900150C64 /* Project object */;
}
