// !$*UTF8*$!
{
	archiveVersion = 1;
	classes = {
	};
	objectVersion = 46;
	objects = {

/* Begin PBXBuildFile section */
		DFC7245E1BECF2A9001DB972 /* QiniuSDK.h in Headers */ = {isa = PBXBuildFile; fileRef = DFC7245D1BECF2A9001DB972 /* QiniuSDK.h */; };
		DFC724601BECF2A9001DB972 /* QiniuSDK.m in Sources */ = {isa = PBXBuildFile; fileRef = DFC7245F1BECF2A9001DB972 /* QiniuSDK.m */; };
/* End PBXBuildFile section */

/* Begin PBXFileReference section */
		DFC7245A1BECF2A9001DB972 /* libQiniuSDK.dylib */ = {isa = PBXFileReference; explicitFileType = "compiled.mach-o.dylib"; includeInIndex = 0; path = libQiniuSDK.dylib; sourceTree = BUILT_PRODUCTS_DIR; };
		DFC7245D1BECF2A9001DB972 /* QiniuSDK.h */ = {isa = PBXFileReference; lastKnownFileType = sourcecode.c.h; path = QiniuSDK.h; sourceTree = "<group>"; };
		DFC7245F1BECF2A9001DB972 /* QiniuSDK.m */ = {isa = PBXFileReference; lastKnownFileType = sourcecode.c.objc; path = QiniuSDK.m; sourceTree = "<group>"; };
/* End PBXFileReference section */

/* Begin PBXFrameworksBuildPhase section */
		DFC724571BECF2A9001DB972 /* Frameworks */ = {
			isa = PBXFrameworksBuildPhase;
			buildActionMask = 2147483647;
			files = (
			);
			runOnlyForDeploymentPostprocessing = 0;
		};
/* End PBXFrameworksBuildPhase section */

/* Begin PBXGroup section */
		DFC724511BECF2A9001DB972 = {
			isa = PBXGroup;
			children = (
				DFC7245C1BECF2A9001DB972 /* QiniuSDK */,
				DFC7245B1BECF2A9001DB972 /* Products */,
			);
			sourceTree = "<group>";
		};
		DFC7245B1BECF2A9001DB972 /* Products */ = {
			isa = PBXGroup;
			children = (
				DFC7245A1BECF2A9001DB972 /* libQiniuSDK.dylib */,
			);
			name = Products;
			sourceTree = "<group>";
		};
		DFC7245C1BECF2A9001DB972 /* QiniuSDK */ = {
			isa = PBXGroup;
			children = (
				DFC7245D1BECF2A9001DB972 /* QiniuSDK.h */,
				DFC7245F1BECF2A9001DB972 /* QiniuSDK.m */,
			);
			path = QiniuSDK;
			sourceTree = "<group>";
		};
/* End PBXGroup section */

/* Begin PBXHeadersBuildPhase section */
		DFC724581BECF2A9001DB972 /* Headers */ = {
			isa = PBXHeadersBuildPhase;
			buildActionMask = 2147483647;
			files = (
				DFC7245E1BECF2A9001DB972 /* QiniuSDK.h in Headers */,
			);
			runOnlyForDeploymentPostprocessing = 0;
		};
/* End PBXHeadersBuildPhase section */

/* Begin PBXNativeTarget section */
		DFC724591BECF2A9001DB972 /* QiniuSDK */ = {
			isa = PBXNativeTarget;
			buildConfigurationList = DFC724631BECF2A9001DB972 /* Build configuration list for PBXNativeTarget "QiniuSDK" */;
			buildPhases = (
				DFC724561BECF2A9001DB972 /* Sources */,
				DFC724571BECF2A9001DB972 /* Frameworks */,
				DFC724581BECF2A9001DB972 /* Headers */,
			);
			buildRules = (
			);
			dependencies = (
			);
			name = QiniuSDK;
			productName = QiniuSDK;
			productReference = DFC7245A1BECF2A9001DB972 /* libQiniuSDK.dylib */;
			productType = "com.apple.product-type.library.dynamic";
		};
/* End PBXNativeTarget section */

/* Begin PBXProject section */
		DFC724521BECF2A9001DB972 /* Project object */ = {
			isa = PBXProject;
			attributes = {
				LastUpgradeCheck = 0710;
				ORGANIZATIONNAME = "Qiniu Cloud Storage";
				TargetAttributes = {
					DFC724591BECF2A9001DB972 = {
						CreatedOnToolsVersion = 7.1;
					};
				};
			};
			buildConfigurationList = DFC724551BECF2A9001DB972 /* Build configuration list for PBXProject "QiniuSDK" */;
			compatibilityVersion = "Xcode 3.2";
			developmentRegion = English;
			hasScannedForEncodings = 0;
			knownRegions = (
				en,
			);
			mainGroup = DFC724511BECF2A9001DB972;
			productRefGroup = DFC7245B1BECF2A9001DB972 /* Products */;
			projectDirPath = "";
			projectRoot = "";
			targets = (
				DFC724591BECF2A9001DB972 /* QiniuSDK */,
			);
		};
/* End PBXProject section */

/* Begin PBXSourcesBuildPhase section */
		DFC724561BECF2A9001DB972 /* Sources */ = {
			isa = PBXSourcesBuildPhase;
			buildActionMask = 2147483647;
			files = (
				DFC724601BECF2A9001DB972 /* QiniuSDK.m in Sources */,
			);
			runOnlyForDeploymentPostprocessing = 0;
		};
/* End PBXSourcesBuildPhase section */

/* Begin XCBuildConfiguration section */
		DFC724611BECF2A9001DB972 /* Debug */ = {
			isa = XCBuildConfiguration;
			buildSettings = {
				ALWAYS_SEARCH_USER_PATHS = NO;
				CLANG_CXX_LANGUAGE_STANDARD = "gnu++0x";
				CLANG_CXX_LIBRARY = "libc++";
				CLANG_ENABLE_MODULES = YES;
				CLANG_ENABLE_OBJC_ARC = YES;
				CLANG_WARN_BOOL_CONVERSION = YES;
				CLANG_WARN_CONSTANT_CONVERSION = YES;
				CLANG_WARN_DIRECT_OBJC_ISA_USAGE = YES_ERROR;
				CLANG_WARN_EMPTY_BODY = YES;
				CLANG_WARN_ENUM_CONVERSION = YES;
				CLANG_WARN_INT_CONVERSION = YES;
				CLANG_WARN_OBJC_ROOT_CLASS = YES_ERROR;
				CLANG_WARN_UNREACHABLE_CODE = YES;
				CLANG_WARN__DUPLICATE_METHOD_MATCH = YES;
				CODE_SIGN_IDENTITY = "-";
				COPY_PHASE_STRIP = NO;
				DEBUG_INFORMATION_FORMAT = dwarf;
				ENABLE_STRICT_OBJC_MSGSEND = YES;
				ENABLE_TESTABILITY = YES;
				GCC_C_LANGUAGE_STANDARD = gnu99;
				GCC_DYNAMIC_NO_PIC = NO;
				GCC_NO_COMMON_BLOCKS = YES;
				GCC_OPTIMIZATION_LEVEL = 0;
				GCC_PREPROCESSOR_DEFINITIONS = (
					"DEBUG=1",
					"$(inherited)",
				);
				GCC_WARN_64_TO_32_BIT_CONVERSION = YES;
				GCC_WARN_ABOUT_RETURN_TYPE = YES_ERROR;
				GCC_WARN_UNDECLARED_SELECTOR = YES;
				GCC_WARN_UNINITIALIZED_AUTOS = YES_AGGRESSIVE;
				GCC_WARN_UNUSED_FUNCTION = YES;
				GCC_WARN_UNUSED_VARIABLE = YES;
				MACOSX_DEPLOYMENT_TARGET = 10.11;
				MTL_ENABLE_DEBUG_INFO = YES;
				ONLY_ACTIVE_ARCH = YES;
				SDKROOT = macosx;
			};
			name = Debug;
		};
		DFC724621BECF2A9001DB972 /* Release */ = {
			isa = XCBuildConfiguration;
			buildSettings = {
				ALWAYS_SEARCH_USER_PATHS = NO;
				CLANG_CXX_LANGUAGE_STANDARD = "gnu++0x";
				CLANG_CXX_LIBRARY = "libc++";
				CLANG_ENABLE_MODULES = YES;
				CLANG_ENABLE_OBJC_ARC = YES;
				CLANG_WARN_BOOL_CONVERSION = YES;
				CLANG_WARN_CONSTANT_CONVERSION = YES;
				CLANG_WARN_DIRECT_OBJC_ISA_USAGE = YES_ERROR;
				CLANG_WARN_EMPTY_BODY = YES;
				CLANG_WARN_ENUM_CONVERSION = YES;
				CLANG_WARN_INT_CONVERSION = YES;
				CLANG_WARN_OBJC_ROOT_CLASS = YES_ERROR;
				CLANG_WARN_UNREACHABLE_CODE = YES;
				CLANG_WARN__DUPLICATE_METHOD_MATCH = YES;
				CODE_SIGN_IDENTITY = "-";
				COPY_PHASE_STRIP = NO;
				DEBUG_INFORMATION_FORMAT = "dwarf-with-dsym";
				ENABLE_NS_ASSERTIONS = NO;
				ENABLE_STRICT_OBJC_MSGSEND = YES;
				GCC_C_LANGUAGE_STANDARD = gnu99;
				GCC_NO_COMMON_BLOCKS = YES;
				GCC_WARN_64_TO_32_BIT_CONVERSION = YES;
				GCC_WARN_ABOUT_RETURN_TYPE = YES_ERROR;
				GCC_WARN_UNDECLARED_SELECTOR = YES;
				GCC_WARN_UNINITIALIZED_AUTOS = YES_AGGRESSIVE;
				GCC_WARN_UNUSED_FUNCTION = YES;
				GCC_WARN_UNUSED_VARIABLE = YES;
				MACOSX_DEPLOYMENT_TARGET = 10.11;
				MTL_ENABLE_DEBUG_INFO = NO;
				SDKROOT = macosx;
			};
			name = Release;
		};
		DFC724641BECF2A9001DB972 /* Debug */ = {
			isa = XCBuildConfiguration;
			buildSettings = {
				DYLIB_COMPATIBILITY_VERSION = 1;
				DYLIB_CURRENT_VERSION = 1;
				EXECUTABLE_PREFIX = lib;
				PRODUCT_NAME = "$(TARGET_NAME)";
			};
			name = Debug;
		};
		DFC724651BECF2A9001DB972 /* Release */ = {
			isa = XCBuildConfiguration;
			buildSettings = {
				DYLIB_COMPATIBILITY_VERSION = 1;
				DYLIB_CURRENT_VERSION = 1;
				EXECUTABLE_PREFIX = lib;
				PRODUCT_NAME = "$(TARGET_NAME)";
			};
			name = Release;
		};
/* End XCBuildConfiguration section */

/* Begin XCConfigurationList section */
		DFC724551BECF2A9001DB972 /* Build configuration list for PBXProject "QiniuSDK" */ = {
			isa = XCConfigurationList;
			buildConfigurations = (
				DFC724611BECF2A9001DB972 /* Debug */,
				DFC724621BECF2A9001DB972 /* Release */,
			);
			defaultConfigurationIsVisible = 0;
			defaultConfigurationName = Release;
		};
		DFC724631BECF2A9001DB972 /* Build configuration list for PBXNativeTarget "QiniuSDK" */ = {
			isa = XCConfigurationList;
			buildConfigurations = (
				DFC724641BECF2A9001DB972 /* Debug */,
				DFC724651BECF2A9001DB972 /* Release */,
			);
			defaultConfigurationIsVisible = 0;
		};
/* End XCConfigurationList section */
	};
	rootObject = DFC724521BECF2A9001DB972 /* Project object */;
}
